// !$*UTF8*$!
{
	archiveVersion = 1;
	classes = {
	};
	objectVersion = 56;
	objects = {

/* Begin PBXBuildFile section */
		18D4C42B2B943BC3003D3E39 /* AppDelegate.m in Sources */ = {isa = PBXBuildFile; fileRef = 18D4C42A2B943BC3003D3E39 /* AppDelegate.m */; };
		18D4C42E2B943BC3003D3E39 /* SceneDelegate.m in Sources */ = {isa = PBXBuildFile; fileRef = 18D4C42D2B943BC3003D3E39 /* SceneDelegate.m */; };
		18D4C4342B943BC3003D3E39 /* Main.storyboard in Resources */ = {isa = PBXBuildFile; fileRef = 18D4C4322B943BC3003D3E39 /* Main.storyboard */; };
		18D4C4362B943BC4003D3E39 /* Assets.xcassets in Resources */ = {isa = PBXBuildFile; fileRef = 18D4C4352B943BC4003D3E39 /* Assets.xcassets */; };
		18D4C4392B943BC4003D3E39 /* LaunchScreen.storyboard in Resources */ = {isa = PBXBuildFile; fileRef = 18D4C4372B943BC4003D3E39 /* LaunchScreen.storyboard */; };
		18D4C43C2B943BC4003D3E39 /* main.m in Sources */ = {isa = PBXBuildFile; fileRef = 18D4C43B2B943BC4003D3E39 /* main.m */; };
		18D4C4612B943CC0003D3E39 /* NewsArticle.m in Sources */ = {isa = PBXBuildFile; fileRef = 18D4C4602B943CC0003D3E39 /* NewsArticle.m */; };
		18D4C4662B943E4B003D3E39 /* NewsDataManager.m in Sources */ = {isa = PBXBuildFile; fileRef = 18D4C4652B943E4B003D3E39 /* NewsDataManager.m */; };
		18D4C46A2B94422C003D3E39 /* NewsViewModel.m in Sources */ = {isa = PBXBuildFile; fileRef = 18D4C4692B94422C003D3E39 /* NewsViewModel.m */; };
		18D4C46E2B9442DD003D3E39 /* NewsTableViewController.m in Sources */ = {isa = PBXBuildFile; fileRef = 18D4C46D2B9442DD003D3E39 /* NewsTableViewController.m */; };
		18D4C4712B9455B4003D3E39 /* news.json in Resources */ = {isa = PBXBuildFile; fileRef = 18D4C4702B9455B4003D3E39 /* news.json */; };
		18D4C4742B945F78003D3E39 /* NewsTableViewCell.m in Sources */ = {isa = PBXBuildFile; fileRef = 18D4C4732B945F78003D3E39 /* NewsTableViewCell.m */; };
		18D4C4772B94667A003D3E39 /* MockNewsDataProvider.m in Sources */ = {isa = PBXBuildFile; fileRef = 18D4C4762B94667A003D3E39 /* MockNewsDataProvider.m */; };
		18D4C4792B946859003D3E39 /* NewsViewModelTests.m in Sources */ = {isa = PBXBuildFile; fileRef = 18D4C4782B946859003D3E39 /* NewsViewModelTests.m */; };
		5AB814102B9613D80093BB21 /* NewsUITests.m in Sources */ = {isa = PBXBuildFile; fileRef = 5AB8140F2B9613D80093BB21 /* NewsUITests.m */; };
/* End PBXBuildFile section */

/* Begin PBXContainerItemProxy section */
		18D4C4422B943BC4003D3E39 /* PBXContainerItemProxy */ = {
			isa = PBXContainerItemProxy;
			containerPortal = 18D4C41E2B943BC3003D3E39 /* Project object */;
			proxyType = 1;
			remoteGlobalIDString = 18D4C4252B943BC3003D3E39;
			remoteInfo = "News Reader";
		};
		18D4C44C2B943BC4003D3E39 /* PBXContainerItemProxy */ = {
			isa = PBXContainerItemProxy;
			containerPortal = 18D4C41E2B943BC3003D3E39 /* Project object */;
			proxyType = 1;
			remoteGlobalIDString = 18D4C4252B943BC3003D3E39;
			remoteInfo = "News Reader";
		};
/* End PBXContainerItemProxy section */

/* Begin PBXFileReference section */
		18D4C4262B943BC3003D3E39 /* News Reader.app */ = {isa = PBXFileReference; explicitFileType = wrapper.application; includeInIndex = 0; path = "News Reader.app"; sourceTree = BUILT_PRODUCTS_DIR; };
		18D4C4292B943BC3003D3E39 /* AppDelegate.h */ = {isa = PBXFileReference; lastKnownFileType = sourcecode.c.h; path = AppDelegate.h; sourceTree = "<group>"; };
		18D4C42A2B943BC3003D3E39 /* AppDelegate.m */ = {isa = PBXFileReference; lastKnownFileType = sourcecode.c.objc; path = AppDelegate.m; sourceTree = "<group>"; };
		18D4C42C2B943BC3003D3E39 /* SceneDelegate.h */ = {isa = PBXFileReference; lastKnownFileType = sourcecode.c.h; path = SceneDelegate.h; sourceTree = "<group>"; };
		18D4C42D2B943BC3003D3E39 /* SceneDelegate.m */ = {isa = PBXFileReference; lastKnownFileType = sourcecode.c.objc; path = SceneDelegate.m; sourceTree = "<group>"; };
		18D4C4332B943BC3003D3E39 /* Base */ = {isa = PBXFileReference; lastKnownFileType = file.storyboard; name = Base; path = Base.lproj/Main.storyboard; sourceTree = "<group>"; };
		18D4C4352B943BC4003D3E39 /* Assets.xcassets */ = {isa = PBXFileReference; lastKnownFileType = folder.assetcatalog; path = Assets.xcassets; sourceTree = "<group>"; };
		18D4C4382B943BC4003D3E39 /* Base */ = {isa = PBXFileReference; lastKnownFileType = file.storyboard; name = Base; path = Base.lproj/LaunchScreen.storyboard; sourceTree = "<group>"; };
		18D4C43A2B943BC4003D3E39 /* Info.plist */ = {isa = PBXFileReference; lastKnownFileType = text.plist.xml; path = Info.plist; sourceTree = "<group>"; };
		18D4C43B2B943BC4003D3E39 /* main.m */ = {isa = PBXFileReference; lastKnownFileType = sourcecode.c.objc; path = main.m; sourceTree = "<group>"; };
		18D4C4412B943BC4003D3E39 /* News ReaderTests.xctest */ = {isa = PBXFileReference; explicitFileType = wrapper.cfbundle; includeInIndex = 0; path = "News ReaderTests.xctest"; sourceTree = BUILT_PRODUCTS_DIR; };
		18D4C44B2B943BC4003D3E39 /* News ReaderUITests.xctest */ = {isa = PBXFileReference; explicitFileType = wrapper.cfbundle; includeInIndex = 0; path = "News ReaderUITests.xctest"; sourceTree = BUILT_PRODUCTS_DIR; };
		18D4C45F2B943C7F003D3E39 /* NewsArticle.h */ = {isa = PBXFileReference; lastKnownFileType = sourcecode.c.h; path = NewsArticle.h; sourceTree = "<group>"; };
		18D4C4602B943CC0003D3E39 /* NewsArticle.m */ = {isa = PBXFileReference; lastKnownFileType = sourcecode.c.objc; path = NewsArticle.m; sourceTree = "<group>"; };
		18D4C4632B943DB0003D3E39 /* NewsDataProvider.h */ = {isa = PBXFileReference; lastKnownFileType = sourcecode.c.h; path = NewsDataProvider.h; sourceTree = "<group>"; };
		18D4C4642B943E1C003D3E39 /* NewsDataManager.h */ = {isa = PBXFileReference; lastKnownFileType = sourcecode.c.h; path = NewsDataManager.h; sourceTree = "<group>"; };
		18D4C4652B943E4B003D3E39 /* NewsDataManager.m */ = {isa = PBXFileReference; lastKnownFileType = sourcecode.c.objc; path = NewsDataManager.m; sourceTree = "<group>"; };
		18D4C4682B94407D003D3E39 /* NewsViewModel.h */ = {isa = PBXFileReference; lastKnownFileType = sourcecode.c.h; path = NewsViewModel.h; sourceTree = "<group>"; };
		18D4C4692B94422C003D3E39 /* NewsViewModel.m */ = {isa = PBXFileReference; lastKnownFileType = sourcecode.c.objc; path = NewsViewModel.m; sourceTree = "<group>"; };
		18D4C46C2B9442DD003D3E39 /* NewsTableViewController.h */ = {isa = PBXFileReference; lastKnownFileType = sourcecode.c.h; path = NewsTableViewController.h; sourceTree = "<group>"; };
		18D4C46D2B9442DD003D3E39 /* NewsTableViewController.m */ = {isa = PBXFileReference; lastKnownFileType = sourcecode.c.objc; path = NewsTableViewController.m; sourceTree = "<group>"; };
		18D4C4702B9455B4003D3E39 /* news.json */ = {isa = PBXFileReference; fileEncoding = 4; lastKnownFileType = text.json; path = news.json; sourceTree = "<group>"; };
		18D4C4722B945F78003D3E39 /* NewsTableViewCell.h */ = {isa = PBXFileReference; lastKnownFileType = sourcecode.c.h; path = NewsTableViewCell.h; sourceTree = "<group>"; };
		18D4C4732B945F78003D3E39 /* NewsTableViewCell.m */ = {isa = PBXFileReference; lastKnownFileType = sourcecode.c.objc; path = NewsTableViewCell.m; sourceTree = "<group>"; };
		18D4C4752B9465CA003D3E39 /* MockNewsDataProvider.h */ = {isa = PBXFileReference; lastKnownFileType = sourcecode.c.h; path = MockNewsDataProvider.h; sourceTree = "<group>"; };
		18D4C4762B94667A003D3E39 /* MockNewsDataProvider.m */ = {isa = PBXFileReference; lastKnownFileType = sourcecode.c.objc; path = MockNewsDataProvider.m; sourceTree = "<group>"; };
		18D4C4782B946859003D3E39 /* NewsViewModelTests.m */ = {isa = PBXFileReference; lastKnownFileType = sourcecode.c.objc; path = NewsViewModelTests.m; sourceTree = "<group>"; };
		5AB8140F2B9613D80093BB21 /* NewsUITests.m */ = {isa = PBXFileReference; fileEncoding = 4; lastKnownFileType = sourcecode.c.objc; path = NewsUITests.m; sourceTree = "<group>"; };
/* End PBXFileReference section */

/* Begin PBXFrameworksBuildPhase section */
		18D4C4232B943BC3003D3E39 /* Frameworks */ = {
			isa = PBXFrameworksBuildPhase;
			buildActionMask = 2147483647;
			files = (
			);
			runOnlyForDeploymentPostprocessing = 0;
		};
		18D4C43E2B943BC4003D3E39 /* Frameworks */ = {
			isa = PBXFrameworksBuildPhase;
			buildActionMask = 2147483647;
			files = (
			);
			runOnlyForDeploymentPostprocessing = 0;
		};
		18D4C4482B943BC4003D3E39 /* Frameworks */ = {
			isa = PBXFrameworksBuildPhase;
			buildActionMask = 2147483647;
			files = (
			);
			runOnlyForDeploymentPostprocessing = 0;
		};
/* End PBXFrameworksBuildPhase section */

/* Begin PBXGroup section */
		18D4C41D2B943BC3003D3E39 = {
			isa = PBXGroup;
			children = (
				18D4C4282B943BC3003D3E39 /* News Reader */,
				18D4C4442B943BC4003D3E39 /* News ReaderTests */,
				18D4C44E2B943BC4003D3E39 /* News ReaderUITests */,
				18D4C4272B943BC3003D3E39 /* Products */,
			);
			sourceTree = "<group>";
		};
		18D4C4272B943BC3003D3E39 /* Products */ = {
			isa = PBXGroup;
			children = (
				18D4C4262B943BC3003D3E39 /* News Reader.app */,
				18D4C4412B943BC4003D3E39 /* News ReaderTests.xctest */,
				18D4C44B2B943BC4003D3E39 /* News ReaderUITests.xctest */,
			);
			name = Products;
			sourceTree = "<group>";
		};
		18D4C4282B943BC3003D3E39 /* News Reader */ = {
			isa = PBXGroup;
			children = (
				18D4C46B2B944258003D3E39 /* View */,
				18D4C4672B944061003D3E39 /* View Model */,
				18D4C4622B943D90003D3E39 /* Data Manager */,
				18D4C45E2B943C4B003D3E39 /* Model */,
				18D4C4292B943BC3003D3E39 /* AppDelegate.h */,
				18D4C42A2B943BC3003D3E39 /* AppDelegate.m */,
				18D4C42C2B943BC3003D3E39 /* SceneDelegate.h */,
				18D4C42D2B943BC3003D3E39 /* SceneDelegate.m */,
				18D4C4322B943BC3003D3E39 /* Main.storyboard */,
				18D4C4352B943BC4003D3E39 /* Assets.xcassets */,
				18D4C4372B943BC4003D3E39 /* LaunchScreen.storyboard */,
				18D4C43A2B943BC4003D3E39 /* Info.plist */,
				18D4C43B2B943BC4003D3E39 /* main.m */,
				18D4C4702B9455B4003D3E39 /* news.json */,
			);
			path = "News Reader";
			sourceTree = "<group>";
		};
		18D4C4442B943BC4003D3E39 /* News ReaderTests */ = {
			isa = PBXGroup;
			children = (
				18D4C4782B946859003D3E39 /* NewsViewModelTests.m */,
				18D4C4752B9465CA003D3E39 /* MockNewsDataProvider.h */,
				18D4C4762B94667A003D3E39 /* MockNewsDataProvider.m */,
			);
			path = "News ReaderTests";
			sourceTree = "<group>";
		};
		18D4C44E2B943BC4003D3E39 /* News ReaderUITests */ = {
			isa = PBXGroup;
			children = (
				5AB8140F2B9613D80093BB21 /* NewsUITests.m */,
			);
			path = "News ReaderUITests";
			sourceTree = "<group>";
		};
		18D4C45E2B943C4B003D3E39 /* Model */ = {
			isa = PBXGroup;
			children = (
				18D4C45F2B943C7F003D3E39 /* NewsArticle.h */,
				18D4C4602B943CC0003D3E39 /* NewsArticle.m */,
			);
			path = Model;
			sourceTree = "<group>";
		};
		18D4C4622B943D90003D3E39 /* Data Manager */ = {
			isa = PBXGroup;
			children = (
				18D4C4632B943DB0003D3E39 /* NewsDataProvider.h */,
				18D4C4642B943E1C003D3E39 /* NewsDataManager.h */,
				18D4C4652B943E4B003D3E39 /* NewsDataManager.m */,
			);
			path = "Data Manager";
			sourceTree = "<group>";
		};
		18D4C4672B944061003D3E39 /* View Model */ = {
			isa = PBXGroup;
			children = (
				18D4C4682B94407D003D3E39 /* NewsViewModel.h */,
				18D4C4692B94422C003D3E39 /* NewsViewModel.m */,
			);
			path = "View Model";
			sourceTree = "<group>";
		};
		18D4C46B2B944258003D3E39 /* View */ = {
			isa = PBXGroup;
			children = (
				18D4C46C2B9442DD003D3E39 /* NewsTableViewController.h */,
				18D4C46D2B9442DD003D3E39 /* NewsTableViewController.m */,
				18D4C4722B945F78003D3E39 /* NewsTableViewCell.h */,
				18D4C4732B945F78003D3E39 /* NewsTableViewCell.m */,
			);
			path = View;
			sourceTree = "<group>";
		};
/* End PBXGroup section */

/* Begin PBXNativeTarget section */
		18D4C4252B943BC3003D3E39 /* News Reader */ = {
			isa = PBXNativeTarget;
			buildConfigurationList = 18D4C4552B943BC4003D3E39 /* Build configuration list for PBXNativeTarget "News Reader" */;
			buildPhases = (
				18D4C4222B943BC3003D3E39 /* Sources */,
				18D4C4232B943BC3003D3E39 /* Frameworks */,
				18D4C4242B943BC3003D3E39 /* Resources */,
			);
			buildRules = (
			);
			dependencies = (
			);
			name = "News Reader";
			productName = "News Reader";
			productReference = 18D4C4262B943BC3003D3E39 /* News Reader.app */;
			productType = "com.apple.product-type.application";
		};
		18D4C4402B943BC4003D3E39 /* News ReaderTests */ = {
			isa = PBXNativeTarget;
			buildConfigurationList = 18D4C4582B943BC4003D3E39 /* Build configuration list for PBXNativeTarget "News ReaderTests" */;
			buildPhases = (
				18D4C43D2B943BC4003D3E39 /* Sources */,
				18D4C43E2B943BC4003D3E39 /* Frameworks */,
				18D4C43F2B943BC4003D3E39 /* Resources */,
			);
			buildRules = (
			);
			dependencies = (
				18D4C4432B943BC4003D3E39 /* PBXTargetDependency */,
			);
			name = "News ReaderTests";
			productName = "News ReaderTests";
			productReference = 18D4C4412B943BC4003D3E39 /* News ReaderTests.xctest */;
			productType = "com.apple.product-type.bundle.unit-test";
		};
		18D4C44A2B943BC4003D3E39 /* News ReaderUITests */ = {
			isa = PBXNativeTarget;
			buildConfigurationList = 18D4C45B2B943BC4003D3E39 /* Build configuration list for PBXNativeTarget "News ReaderUITests" */;
			buildPhases = (
				18D4C4472B943BC4003D3E39 /* Sources */,
				18D4C4482B943BC4003D3E39 /* Frameworks */,
				18D4C4492B943BC4003D3E39 /* Resources */,
			);
			buildRules = (
			);
			dependencies = (
				18D4C44D2B943BC4003D3E39 /* PBXTargetDependency */,
			);
			name = "News ReaderUITests";
			productName = "News ReaderUITests";
			productReference = 18D4C44B2B943BC4003D3E39 /* News ReaderUITests.xctest */;
			productType = "com.apple.product-type.bundle.ui-testing";
		};
/* End PBXNativeTarget section */

/* Begin PBXProject section */
		18D4C41E2B943BC3003D3E39 /* Project object */ = {
			isa = PBXProject;
			attributes = {
				BuildIndependentTargetsInParallel = 1;
				LastUpgradeCheck = 1500;
				TargetAttributes = {
					18D4C4252B943BC3003D3E39 = {
						CreatedOnToolsVersion = 15.0.1;
					};
					18D4C4402B943BC4003D3E39 = {
						CreatedOnToolsVersion = 15.0.1;
						TestTargetID = 18D4C4252B943BC3003D3E39;
					};
					18D4C44A2B943BC4003D3E39 = {
						CreatedOnToolsVersion = 15.0.1;
						TestTargetID = 18D4C4252B943BC3003D3E39;
					};
				};
			};
			buildConfigurationList = 18D4C4212B943BC3003D3E39 /* Build configuration list for PBXProject "News Reader" */;
			compatibilityVersion = "Xcode 14.0";
			developmentRegion = en;
			hasScannedForEncodings = 0;
			knownRegions = (
				en,
				Base,
			);
			mainGroup = 18D4C41D2B943BC3003D3E39;
			productRefGroup = 18D4C4272B943BC3003D3E39 /* Products */;
			projectDirPath = "";
			projectRoot = "";
			targets = (
				18D4C4252B943BC3003D3E39 /* News Reader */,
				18D4C4402B943BC4003D3E39 /* News ReaderTests */,
				18D4C44A2B943BC4003D3E39 /* News ReaderUITests */,
			);
		};
/* End PBXProject section */

/* Begin PBXResourcesBuildPhase section */
		18D4C4242B943BC3003D3E39 /* Resources */ = {
			isa = PBXResourcesBuildPhase;
			buildActionMask = 2147483647;
			files = (
				18D4C4392B943BC4003D3E39 /* LaunchScreen.storyboard in Resources */,
				18D4C4362B943BC4003D3E39 /* Assets.xcassets in Resources */,
				18D4C4712B9455B4003D3E39 /* news.json in Resources */,
				18D4C4342B943BC3003D3E39 /* Main.storyboard in Resources */,
			);
			runOnlyForDeploymentPostprocessing = 0;
		};
		18D4C43F2B943BC4003D3E39 /* Resources */ = {
			isa = PBXResourcesBuildPhase;
			buildActionMask = 2147483647;
			files = (
			);
			runOnlyForDeploymentPostprocessing = 0;
		};
		18D4C4492B943BC4003D3E39 /* Resources */ = {
			isa = PBXResourcesBuildPhase;
			buildActionMask = 2147483647;
			files = (
			);
			runOnlyForDeploymentPostprocessing = 0;
		};
/* End PBXResourcesBuildPhase section */

/* Begin PBXSourcesBuildPhase section */
		18D4C4222B943BC3003D3E39 /* Sources */ = {
			isa = PBXSourcesBuildPhase;
			buildActionMask = 2147483647;
			files = (
				18D4C46E2B9442DD003D3E39 /* NewsTableViewController.m in Sources */,
				18D4C4662B943E4B003D3E39 /* NewsDataManager.m in Sources */,
				18D4C42B2B943BC3003D3E39 /* AppDelegate.m in Sources */,
				18D4C43C2B943BC4003D3E39 /* main.m in Sources */,
				18D4C4612B943CC0003D3E39 /* NewsArticle.m in Sources */,
				18D4C42E2B943BC3003D3E39 /* SceneDelegate.m in Sources */,
				18D4C4742B945F78003D3E39 /* NewsTableViewCell.m in Sources */,
				18D4C46A2B94422C003D3E39 /* NewsViewModel.m in Sources */,
			);
			runOnlyForDeploymentPostprocessing = 0;
		};
		18D4C43D2B943BC4003D3E39 /* Sources */ = {
			isa = PBXSourcesBuildPhase;
			buildActionMask = 2147483647;
			files = (
				18D4C4792B946859003D3E39 /* NewsViewModelTests.m in Sources */,
				18D4C4772B94667A003D3E39 /* MockNewsDataProvider.m in Sources */,
			);
			runOnlyForDeploymentPostprocessing = 0;
		};
		18D4C4472B943BC4003D3E39 /* Sources */ = {
			isa = PBXSourcesBuildPhase;
			buildActionMask = 2147483647;
			files = (
				5AB814102B9613D80093BB21 /* NewsUITests.m in Sources */,
			);
			runOnlyForDeploymentPostprocessing = 0;
		};
/* End PBXSourcesBuildPhase section */

/* Begin PBXTargetDependency section */
		18D4C4432B943BC4003D3E39 /* PBXTargetDependency */ = {
			isa = PBXTargetDependency;
			target = 18D4C4252B943BC3003D3E39 /* News Reader */;
			targetProxy = 18D4C4422B943BC4003D3E39 /* PBXContainerItemProxy */;
		};
		18D4C44D2B943BC4003D3E39 /* PBXTargetDependency */ = {
			isa = PBXTargetDependency;
			target = 18D4C4252B943BC3003D3E39 /* News Reader */;
			targetProxy = 18D4C44C2B943BC4003D3E39 /* PBXContainerItemProxy */;
		};
/* End PBXTargetDependency section */

/* Begin PBXVariantGroup section */
		18D4C4322B943BC3003D3E39 /* Main.storyboard */ = {
			isa = PBXVariantGroup;
			children = (
				18D4C4332B943BC3003D3E39 /* Base */,
			);
			name = Main.storyboard;
			sourceTree = "<group>";
		};
		18D4C4372B943BC4003D3E39 /* LaunchScreen.storyboard */ = {
			isa = PBXVariantGroup;
			children = (
				18D4C4382B943BC4003D3E39 /* Base */,
			);
			name = LaunchScreen.storyboard;
			sourceTree = "<group>";
		};
/* End PBXVariantGroup section */

/* Begin XCBuildConfiguration section */
		18D4C4532B943BC4003D3E39 /* Debug */ = {
			isa = XCBuildConfiguration;
			buildSettings = {
				ALWAYS_SEARCH_USER_PATHS = NO;
				ASSETCATALOG_COMPILER_GENERATE_SWIFT_ASSET_SYMBOL_EXTENSIONS = YES;
				CLANG_ANALYZER_NONNULL = YES;
				CLANG_ANALYZER_NUMBER_OBJECT_CONVERSION = YES_AGGRESSIVE;
				CLANG_CXX_LANGUAGE_STANDARD = "gnu++20";
				CLANG_ENABLE_MODULES = YES;
				CLANG_ENABLE_OBJC_ARC = YES;
				CLANG_ENABLE_OBJC_WEAK = YES;
				CLANG_WARN_BLOCK_CAPTURE_AUTORELEASING = YES;
				CLANG_WARN_BOOL_CONVERSION = YES;
				CLANG_WARN_COMMA = YES;
				CLANG_WARN_CONSTANT_CONVERSION = YES;
				CLANG_WARN_DEPRECATED_OBJC_IMPLEMENTATIONS = YES;
				CLANG_WARN_DIRECT_OBJC_ISA_USAGE = YES_ERROR;
				CLANG_WARN_DOCUMENTATION_COMMENTS = YES;
				CLANG_WARN_EMPTY_BODY = YES;
				CLANG_WARN_ENUM_CONVERSION = YES;
				CLANG_WARN_INFINITE_RECURSION = YES;
				CLANG_WARN_INT_CONVERSION = YES;
				CLANG_WARN_NON_LITERAL_NULL_CONVERSION = YES;
				CLANG_WARN_OBJC_IMPLICIT_RETAIN_SELF = YES;
				CLANG_WARN_OBJC_LITERAL_CONVERSION = YES;
				CLANG_WARN_OBJC_ROOT_CLASS = YES_ERROR;
				CLANG_WARN_QUOTED_INCLUDE_IN_FRAMEWORK_HEADER = YES;
				CLANG_WARN_RANGE_LOOP_ANALYSIS = YES;
				CLANG_WARN_STRICT_PROTOTYPES = YES;
				CLANG_WARN_SUSPICIOUS_MOVE = YES;
				CLANG_WARN_UNGUARDED_AVAILABILITY = YES_AGGRESSIVE;
				CLANG_WARN_UNREACHABLE_CODE = YES;
				CLANG_WARN__DUPLICATE_METHOD_MATCH = YES;
				COPY_PHASE_STRIP = NO;
				DEBUG_INFORMATION_FORMAT = dwarf;
				ENABLE_STRICT_OBJC_MSGSEND = YES;
				ENABLE_TESTABILITY = YES;
				ENABLE_USER_SCRIPT_SANDBOXING = YES;
				GCC_C_LANGUAGE_STANDARD = gnu17;
				GCC_DYNAMIC_NO_PIC = NO;
				GCC_NO_COMMON_BLOCKS = YES;
				GCC_OPTIMIZATION_LEVEL = 0;
				GCC_PREPROCESSOR_DEFINITIONS = (
					"DEBUG=1",
					"$(inherited)",
				);
				GCC_WARN_64_TO_32_BIT_CONVERSION = YES;
				GCC_WARN_ABOUT_RETURN_TYPE = YES_ERROR;
				GCC_WARN_UNDECLARED_SELECTOR = YES;
				GCC_WARN_UNINITIALIZED_AUTOS = YES_AGGRESSIVE;
				GCC_WARN_UNUSED_FUNCTION = YES;
				GCC_WARN_UNUSED_VARIABLE = YES;
				IPHONEOS_DEPLOYMENT_TARGET = 17.0;
				LOCALIZATION_PREFERS_STRING_CATALOGS = YES;
				MTL_ENABLE_DEBUG_INFO = INCLUDE_SOURCE;
				MTL_FAST_MATH = YES;
				ONLY_ACTIVE_ARCH = YES;
				SDKROOT = iphoneos;
			};
			name = Debug;
		};
		18D4C4542B943BC4003D3E39 /* Release */ = {
			isa = XCBuildConfiguration;
			buildSettings = {
				ALWAYS_SEARCH_USER_PATHS = NO;
				ASSETCATALOG_COMPILER_GENERATE_SWIFT_ASSET_SYMBOL_EXTENSIONS = YES;
				CLANG_ANALYZER_NONNULL = YES;
				CLANG_ANALYZER_NUMBER_OBJECT_CONVERSION = YES_AGGRESSIVE;
				CLANG_CXX_LANGUAGE_STANDARD = "gnu++20";
				CLANG_ENABLE_MODULES = YES;
				CLANG_ENABLE_OBJC_ARC = YES;
				CLANG_ENABLE_OBJC_WEAK = YES;
				CLANG_WARN_BLOCK_CAPTURE_AUTORELEASING = YES;
				CLANG_WARN_BOOL_CONVERSION = YES;
				CLANG_WARN_COMMA = YES;
				CLANG_WARN_CONSTANT_CONVERSION = YES;
				CLANG_WARN_DEPRECATED_OBJC_IMPLEMENTATIONS = YES;
				CLANG_WARN_DIRECT_OBJC_ISA_USAGE = YES_ERROR;
				CLANG_WARN_DOCUMENTATION_COMMENTS = YES;
				CLANG_WARN_EMPTY_BODY = YES;
				CLANG_WARN_ENUM_CONVERSION = YES;
				CLANG_WARN_INFINITE_RECURSION = YES;
				CLANG_WARN_INT_CONVERSION = YES;
				CLANG_WARN_NON_LITERAL_NULL_CONVERSION = YES;
				CLANG_WARN_OBJC_IMPLICIT_RETAIN_SELF = YES;
				CLANG_WARN_OBJC_LITERAL_CONVERSION = YES;
				CLANG_WARN_OBJC_ROOT_CLASS = YES_ERROR;
				CLANG_WARN_QUOTED_INCLUDE_IN_FRAMEWORK_HEADER = YES;
				CLANG_WARN_RANGE_LOOP_ANALYSIS = YES;
				CLANG_WARN_STRICT_PROTOTYPES = YES;
				CLANG_WARN_SUSPICIOUS_MOVE = YES;
				CLANG_WARN_UNGUARDED_AVAILABILITY = YES_AGGRESSIVE;
				CLANG_WARN_UNREACHABLE_CODE = YES;
				CLANG_WARN__DUPLICATE_METHOD_MATCH = YES;
				COPY_PHASE_STRIP = NO;
				DEBUG_INFORMATION_FORMAT = "dwarf-with-dsym";
				ENABLE_NS_ASSERTIONS = NO;
				ENABLE_STRICT_OBJC_MSGSEND = YES;
				ENABLE_USER_SCRIPT_SANDBOXING = YES;
				GCC_C_LANGUAGE_STANDARD = gnu17;
				GCC_NO_COMMON_BLOCKS = YES;
				GCC_WARN_64_TO_32_BIT_CONVERSION = YES;
				GCC_WARN_ABOUT_RETURN_TYPE = YES_ERROR;
				GCC_WARN_UNDECLARED_SELECTOR = YES;
				GCC_WARN_UNINITIALIZED_AUTOS = YES_AGGRESSIVE;
				GCC_WARN_UNUSED_FUNCTION = YES;
				GCC_WARN_UNUSED_VARIABLE = YES;
				IPHONEOS_DEPLOYMENT_TARGET = 17.0;
				LOCALIZATION_PREFERS_STRING_CATALOGS = YES;
				MTL_ENABLE_DEBUG_INFO = NO;
				MTL_FAST_MATH = YES;
				SDKROOT = iphoneos;
				VALIDATE_PRODUCT = YES;
			};
			name = Release;
		};
		18D4C4562B943BC4003D3E39 /* Debug */ = {
			isa = XCBuildConfiguration;
			buildSettings = {
				ASSETCATALOG_COMPILER_APPICON_NAME = AppIcon;
				ASSETCATALOG_COMPILER_GLOBAL_ACCENT_COLOR_NAME = AccentColor;
				CODE_SIGN_STYLE = Automatic;
				CURRENT_PROJECT_VERSION = 1;
				GENERATE_INFOPLIST_FILE = YES;
				INFOPLIST_FILE = "News Reader/Info.plist";
				INFOPLIST_KEY_UIApplicationSupportsIndirectInputEvents = YES;
				INFOPLIST_KEY_UILaunchStoryboardName = LaunchScreen;
				INFOPLIST_KEY_UIMainStoryboardFile = Main;
				INFOPLIST_KEY_UISupportedInterfaceOrientations_iPad = "UIInterfaceOrientationPortrait UIInterfaceOrientationPortraitUpsideDown UIInterfaceOrientationLandscapeLeft UIInterfaceOrientationLandscapeRight";
				INFOPLIST_KEY_UISupportedInterfaceOrientations_iPhone = "UIInterfaceOrientationPortrait UIInterfaceOrientationLandscapeLeft UIInterfaceOrientationLandscapeRight";
				LD_RUNPATH_SEARCH_PATHS = (
					"$(inherited)",
					"@executable_path/Frameworks",
				);
				MARKETING_VERSION = 1.0;
				PRODUCT_BUNDLE_IDENTIFIER = "godwin.News-Reader";
				PRODUCT_NAME = "$(TARGET_NAME)";
				SWIFT_EMIT_LOC_STRINGS = YES;
				TARGETED_DEVICE_FAMILY = "1,2";
			};
			name = Debug;
		};
		18D4C4572B943BC4003D3E39 /* Release */ = {
			isa = XCBuildConfiguration;
			buildSettings = {
				ASSETCATALOG_COMPILER_APPICON_NAME = AppIcon;
				ASSETCATALOG_COMPILER_GLOBAL_ACCENT_COLOR_NAME = AccentColor;
				CODE_SIGN_STYLE = Automatic;
				CURRENT_PROJECT_VERSION = 1;
				GENERATE_INFOPLIST_FILE = YES;
				INFOPLIST_FILE = "News Reader/Info.plist";
				INFOPLIST_KEY_UIApplicationSupportsIndirectInputEvents = YES;
				INFOPLIST_KEY_UILaunchStoryboardName = LaunchScreen;
				INFOPLIST_KEY_UIMainStoryboardFile = Main;
				INFOPLIST_KEY_UISupportedInterfaceOrientations_iPad = "UIInterfaceOrientationPortrait UIInterfaceOrientationPortraitUpsideDown UIInterfaceOrientationLandscapeLeft UIInterfaceOrientationLandscapeRight";
				INFOPLIST_KEY_UISupportedInterfaceOrientations_iPhone = "UIInterfaceOrientationPortrait UIInterfaceOrientationLandscapeLeft UIInterfaceOrientationLandscapeRight";
				LD_RUNPATH_SEARCH_PATHS = (
					"$(inherited)",
					"@executable_path/Frameworks",
				);
				MARKETING_VERSION = 1.0;
				PRODUCT_BUNDLE_IDENTIFIER = "godwin.News-Reader";
				PRODUCT_NAME = "$(TARGET_NAME)";
				SWIFT_EMIT_LOC_STRINGS = YES;
				TARGETED_DEVICE_FAMILY = "1,2";
			};
			name = Release;
		};
		18D4C4592B943BC4003D3E39 /* Debug */ = {
			isa = XCBuildConfiguration;
			buildSettings = {
				BUNDLE_LOADER = "$(TEST_HOST)";
				CODE_SIGN_STYLE = Automatic;
				CURRENT_PROJECT_VERSION = 1;
				GENERATE_INFOPLIST_FILE = YES;
				IPHONEOS_DEPLOYMENT_TARGET = 17.0;
				MARKETING_VERSION = 1.0;
				PRODUCT_BUNDLE_IDENTIFIER = "godwin.News-ReaderTests";
				PRODUCT_NAME = "$(TARGET_NAME)";
				SWIFT_EMIT_LOC_STRINGS = NO;
				TARGETED_DEVICE_FAMILY = "1,2";
				TEST_HOST = "$(BUILT_PRODUCTS_DIR)/News Reader.app/$(BUNDLE_EXECUTABLE_FOLDER_PATH)/News Reader";
			};
			name = Debug;
		};
		18D4C45A2B943BC4003D3E39 /* Release */ = {
			isa = XCBuildConfiguration;
			buildSettings = {
				BUNDLE_LOADER = "$(TEST_HOST)";
				CODE_SIGN_STYLE = Automatic;
				CURRENT_PROJECT_VERSION = 1;
				GENERATE_INFOPLIST_FILE = YES;
				IPHONEOS_DEPLOYMENT_TARGET = 17.0;
				MARKETING_VERSION = 1.0;
				PRODUCT_BUNDLE_IDENTIFIER = "godwin.News-ReaderTests";
				PRODUCT_NAME = "$(TARGET_NAME)";
				SWIFT_EMIT_LOC_STRINGS = NO;
				TARGETED_DEVICE_FAMILY = "1,2";
				TEST_HOST = "$(BUILT_PRODUCTS_DIR)/News Reader.app/$(BUNDLE_EXECUTABLE_FOLDER_PATH)/News Reader";
			};
			name = Release;
		};
		18D4C45C2B943BC4003D3E39 /* Debug */ = {
			isa = XCBuildConfiguration;
			buildSettings = {
				CODE_SIGN_STYLE = Automatic;
				CURRENT_PROJECT_VERSION = 1;
				GENERATE_INFOPLIST_FILE = YES;
				MARKETING_VERSION = 1.0;
				PRODUCT_BUNDLE_IDENTIFIER = "godwin.News-ReaderUITests";
				PRODUCT_NAME = "$(TARGET_NAME)";
				SWIFT_EMIT_LOC_STRINGS = NO;
				TARGETED_DEVICE_FAMILY = "1,2";
				TEST_TARGET_NAME = "News Reader";
			};
			name = Debug;
		};
		18D4C45D2B943BC4003D3E39 /* Release */ = {
			isa = XCBuildConfiguration;
			buildSettings = {
				CODE_SIGN_STYLE = Automatic;
				CURRENT_PROJECT_VERSION = 1;
				GENERATE_INFOPLIST_FILE = YES;
				MARKETING_VERSION = 1.0;
				PRODUCT_BUNDLE_IDENTIFIER = "godwin.News-ReaderUITests";
				PRODUCT_NAME = "$(TARGET_NAME)";
				SWIFT_EMIT_LOC_STRINGS = NO;
				TARGETED_DEVICE_FAMILY = "1,2";
				TEST_TARGET_NAME = "News Reader";
			};
			name = Release;
		};
/* End XCBuildConfiguration section */

/* Begin XCConfigurationList section */
		18D4C4212B943BC3003D3E39 /* Build configuration list for PBXProject "News Reader" */ = {
			isa = XCConfigurationList;
			buildConfigurations = (
				18D4C4532B943BC4003D3E39 /* Debug */,
				18D4C4542B943BC4003D3E39 /* Release */,
			);
			defaultConfigurationIsVisible = 0;
			defaultConfigurationName = Release;
		};
		18D4C4552B943BC4003D3E39 /* Build configuration list for PBXNativeTarget "News Reader" */ = {
			isa = XCConfigurationList;
			buildConfigurations = (
				18D4C4562B943BC4003D3E39 /* Debug */,
				18D4C4572B943BC4003D3E39 /* Release */,
			);
			defaultConfigurationIsVisible = 0;
			defaultConfigurationName = Release;
		};
		18D4C4582B943BC4003D3E39 /* Build configuration list for PBXNativeTarget "News ReaderTests" */ = {
			isa = XCConfigurationList;
			buildConfigurations = (
				18D4C4592B943BC4003D3E39 /* Debug */,
				18D4C45A2B943BC4003D3E39 /* Release */,
			);
			defaultConfigurationIsVisible = 0;
			defaultConfigurationName = Release;
		};
		18D4C45B2B943BC4003D3E39 /* Build configuration list for PBXNativeTarget "News ReaderUITests" */ = {
			isa = XCConfigurationList;
			buildConfigurations = (
				18D4C45C2B943BC4003D3E39 /* Debug */,
				18D4C45D2B943BC4003D3E39 /* Release */,
			);
			defaultConfigurationIsVisible = 0;
			defaultConfigurationName = Release;
		};
/* End XCConfigurationList section */
	};
	rootObject = 18D4C41E2B943BC3003D3E39 /* Project object */;
}
